
Microsoft Visual Studio Solution File, Format Version 12.00
# Visual Studio Version 16
VisualStudioVersion = 16.0.30907.101
MinimumVisualStudioVersion = 10.0.40219.1
Project("{FAE04EC0-301F-11D3-BF4B-00C04F79EFBC}") = "RootCalculator", "RootCalculator\RootCalculator.csproj", "{547F98AE-2EB2-41CD-8823-00B797E41815}"
EndProject
Project("{FAE04EC0-301F-11D3-BF4B-00C04F79EFBC}") = "MathLibrary", "MathLibrary\MathLibrary.csproj", "{477DD4EC-1927-4BA1-AA83-47A529D84D8D}"
EndProject
Global
	GlobalSection(SolutionConfigurationPlatforms) = preSolution
		Debug|Any CPU = Debug|Any CPU
		Release|Any CPU = Release|Any CPU
	EndGlobalSection
	GlobalSection(ProjectConfigurationPlatforms) = postSolution
		{547F98AE-2EB2-41CD-8823-00B797E41815}.Debug|Any CPU.ActiveCfg = Debug|Any CPU
		{547F98AE-2EB2-41CD-8823-00B797E41815}.Debug|Any CPU.Build.0 = Debug|Any CPU
		{547F98AE-2EB2-41CD-8823-00B797E41815}.Release|Any CPU.ActiveCfg = Release|Any CPU
		{547F98AE-2EB2-41CD-8823-00B797E41815}.Release|Any CPU.Build.0 = Release|Any CPU
		{477DD4EC-1927-4BA1-AA83-47A529D84D8D}.Debug|Any CPU.ActiveCfg = Debug|Any CPU
		{477DD4EC-1927-4BA1-AA83-47A529D84D8D}.Debug|Any CPU.Build.0 = Debug|Any CPU
		{477DD4EC-1927-4BA1-AA83-47A529D84D8D}.Release|Any CPU.ActiveCfg = Release|Any CPU
		{477DD4EC-1927-4BA1-AA83-47A529D84D8D}.Release|Any CPU.Build.0 = Release|Any CPU
	EndGlobalSection
	GlobalSection(SolutionProperties) = preSolution
		HideSolutionNode = FALSE
	EndGlobalSection
	GlobalSection(ExtensibilityGlobals) = postSolution
		SolutionGuid = {F52E1B99-DD1B-4902-A3F6-4F960A7A5D57}
	EndGlobalSection
EndGlobal
